
Microsoft Visual Studio Solution File, Format Version 12.00
# Visual Studio Version 16
VisualStudioVersion = 16.0.30204.135
MinimumVisualStudioVersion = 10.0.40219.1
Project("{9A19103F-16F7-4668-BE54-9A1E7A4F7556}") = "MatchThreeGameForest", "MatchThreeGameForest\MatchThreeGameForest.csproj", "{076D944B-4F46-4A0D-BD65-D563EE494C70}"
EndProject
Global
	GlobalSection(SolutionConfigurationPlatforms) = preSolution
		Debug|Any CPU = Debug|Any CPU
		Release|Any CPU = Release|Any CPU
	EndGlobalSection
	GlobalSection(ProjectConfigurationPlatforms) = postSolution
		{076D944B-4F46-4A0D-BD65-D563EE494C70}.Debug|Any CPU.ActiveCfg = Debug|Any CPU
		{076D944B-4F46-4A0D-BD65-D563EE494C70}.Debug|Any CPU.Build.0 = Debug|Any CPU
		{076D944B-4F46-4A0D-BD65-D563EE494C70}.Release|Any CPU.ActiveCfg = Release|Any CPU
		{076D944B-4F46-4A0D-BD65-D563EE494C70}.Release|Any CPU.Build.0 = Release|Any CPU
	EndGlobalSection
	GlobalSection(SolutionProperties) = preSolution
		HideSolutionNode = FALSE
	EndGlobalSection
	GlobalSection(ExtensibilityGlobals) = postSolution
		SolutionGuid = {B0EEB92B-8B07-44FB-A39F-A0292C04E139}
	EndGlobalSection
EndGlobal
